{
  "name": "lab5",
  "lockfileVersion": 3,
  "requires": true,
  "packages": {
    "": {
      "dependencies": {
        "blind-signatures": "^1.0.2",
        "jsbn": "^1.1.0"
      }
    },
    "node_modules/asn1": {
      "version": "0.2.3",
      "resolved": "https://registry.npmjs.org/asn1/-/asn1-0.2.3.tgz",
      "integrity": "sha512-6i37w/+EhlWlGUJff3T/Q8u1RGmP5wgbiwYnOnbOqvtrPxT63/sYFyP9RcpxtxGymtfA075IvmOnL7ycNOWl3w==",
      "license": "MIT"
    },
    "node_modules/blind-signatures": {
      "version": "1.0.2",
      "resolved": "https://registry.npmjs.org/blind-signatures/-/blind-signatures-1.0.2.tgz",
      "integrity": "sha512-1SYk/Lu7ooBRjxd7R9lMNjtZhMpvv6iziipwHtomCL6oOBUEGQesrpRtJtFk9drXOkKwGvjkBmP3Ck6hrw9ICA==",
      "license": "ISC",
      "dependencies": {
        "js-sha3": "0.7.0",
        "jsbn": "1.1.0",
        "node-rsa": "0.4.2",
        "secure-random": "1.1.1"
      }
    },
    "node_modules/js-sha3": {
      "version": "0.7.0",
      "resolved": "https://registry.npmjs.org/js-sha3/-/js-sha3-0.7.0.tgz",
      "integrity": "sha512-Wpks3yBDm0UcL5qlVhwW9Jr9n9i4FfeWBFOOXP5puDS/SiudJGhw7DPyBqn3487qD4F0lsC0q3zxink37f7zeA==",
      "license": "MIT"
    },
    "node_modules/jsbn": {
      "version": "1.1.0",
      "resolved": "https://registry.npmjs.org/jsbn/-/jsbn-1.1.0.tgz",
      "integrity": "sha512-4bYVV3aAMtDTTu4+xsDYa6sy9GyJ69/amsu9sYF2zqjiEoZA5xJi3BrfX3uY+/IekIu7MwdObdbDWpoZdBv3/A==",
      "license": "MIT"
    },
    "node_modules/node-rsa": {
      "version": "0.4.2",
      "resolved": "https://registry.npmjs.org/node-rsa/-/node-rsa-0.4.2.tgz",
      "integrity": "sha512-Bvso6Zi9LY4otIZefYrscsUpo2mUpiAVIEmSZV2q41sP8tHZoert3Yu6zv4f/RXJqMNZQKCtnhDugIuCma23YA==",
      "license": "MIT",
      "dependencies": {
        "asn1": "0.2.3"
      }
    },
    "node_modules/secure-random": {
      "version": "1.1.1",
      "resolved": "https://registry.npmjs.org/secure-random/-/secure-random-1.1.1.tgz",
      "integrity": "sha512-dJKPuNsv2fAl8JmYiGX5jbMBnga+m6UdirQmwKPLHSj5YRyqxmfqckgD+s1NsVhQJg2JXM05MptWcKnnu1h9YQ==",
      "license": "MIT"
    }
  }
}
